
Microsoft Visual Studio Solution File, Format Version 12.00
# Visual Studio Version 17
VisualStudioVersion = 17.6.33829.357
MinimumVisualStudioVersion = 10.0.40219.1
Project("{9A19103F-16F7-4668-BE54-9A1E7A4F7556}") = "Talabt.APIs", "Talabt.APIs\Talabt.APIs.csproj", "{1A774AEA-A044-4363-AE71-448557D217F3}"
EndProject
Project("{9A19103F-16F7-4668-BE54-9A1E7A4F7556}") = "Talabat.Core", "Talabat.Core\Talabat.Core.csproj", "{FA4A4EAF-C8A1-4F5D-8A18-613951A0B83C}"
EndProject
Project("{9A19103F-16F7-4668-BE54-9A1E7A4F7556}") = "Talabat.Repository", "Talabat.Repository\Talabat.Repository.csproj", "{C05F47E5-63C5-4196-95E1-9879F018FD63}"
EndProject
Project("{9A19103F-16F7-4668-BE54-9A1E7A4F7556}") = "Talabat.Service", "Talabat.Service\Talabat.Service.csproj", "{7F1CF377-E402-461D-BC21-866308848403}"
EndProject
Global
	GlobalSection(SolutionConfigurationPlatforms) = preSolution
		Debug|Any CPU = Debug|Any CPU
		Release|Any CPU = Release|Any CPU
	EndGlobalSection
	GlobalSection(ProjectConfigurationPlatforms) = postSolution
		{1A774AEA-A044-4363-AE71-448557D217F3}.Debug|Any CPU.ActiveCfg = Debug|Any CPU
		{1A774AEA-A044-4363-AE71-448557D217F3}.Debug|Any CPU.Build.0 = Debug|Any CPU
		{1A774AEA-A044-4363-AE71-448557D217F3}.Release|Any CPU.ActiveCfg = Release|Any CPU
		{1A774AEA-A044-4363-AE71-448557D217F3}.Release|Any CPU.Build.0 = Release|Any CPU
		{FA4A4EAF-C8A1-4F5D-8A18-613951A0B83C}.Debug|Any CPU.ActiveCfg = Debug|Any CPU
		{FA4A4EAF-C8A1-4F5D-8A18-613951A0B83C}.Debug|Any CPU.Build.0 = Debug|Any CPU
		{FA4A4EAF-C8A1-4F5D-8A18-613951A0B83C}.Release|Any CPU.ActiveCfg = Release|Any CPU
		{FA4A4EAF-C8A1-4F5D-8A18-613951A0B83C}.Release|Any CPU.Build.0 = Release|Any CPU
		{C05F47E5-63C5-4196-95E1-9879F018FD63}.Debug|Any CPU.ActiveCfg = Debug|Any CPU
		{C05F47E5-63C5-4196-95E1-9879F018FD63}.Debug|Any CPU.Build.0 = Debug|Any CPU
		{C05F47E5-63C5-4196-95E1-9879F018FD63}.Release|Any CPU.ActiveCfg = Release|Any CPU
		{C05F47E5-63C5-4196-95E1-9879F018FD63}.Release|Any CPU.Build.0 = Release|Any CPU
		{7F1CF377-E402-461D-BC21-866308848403}.Debug|Any CPU.ActiveCfg = Debug|Any CPU
		{7F1CF377-E402-461D-BC21-866308848403}.Debug|Any CPU.Build.0 = Debug|Any CPU
		{7F1CF377-E402-461D-BC21-866308848403}.Release|Any CPU.ActiveCfg = Release|Any CPU
		{7F1CF377-E402-461D-BC21-866308848403}.Release|Any CPU.Build.0 = Release|Any CPU
	EndGlobalSection
	GlobalSection(SolutionProperties) = preSolution
		HideSolutionNode = FALSE
	EndGlobalSection
	GlobalSection(ExtensibilityGlobals) = postSolution
		SolutionGuid = {EB17015F-E70B-47D1-AF97-2510361DA4B9}
	EndGlobalSection
EndGlobal
